#MicroXplorer Configuration settings - do not modify
Mcu.Family=STM32F4
ProjectManager.MainLocation=Core/Src
I2S3.FullDuplexMode=I2S_FULLDUPLEXMODE_DISABLE
ProjectManager.ProjectFileName=I2S_demo.ioc
RCC.CortexFreq_Value=16000000
ProjectManager.KeepUserCode=true
Mcu.UserName=STM32F411VETx
Mcu.PinsNb=8
ProjectManager.NoMain=false
PC10.Locked=true
RCC.PLLCLKFreq_Value=96000000
PC12.Signal=I2S3_SD
PC10.Signal=I2S3_CK
RCC.PLLQCLKFreq_Value=48000000
PC7.Locked=true
I2S3.IPParameters=Instance,VirtualMode,FullDuplexMode,RealAudioFreq,ErrorAudioFreq
ProjectManager.functionlistsort=1-MX_GPIO_Init-GPIO-false-HAL-true,2-SystemClock_Config-RCC-false-HAL-false,3-MX_I2C1_Init-I2C1-false-HAL-true,4-MX_I2S3_Init-I2S3-false-HAL-true
PC10.Mode=Half_Duplex_Master
RCC.RTCFreq_Value=32000
ProjectManager.DefaultFWLocation=true
PD4.Locked=true
ProjectManager.DeletePrevious=true
PinOutPanel.RotationAngle=0
RCC.FamilyName=M
ProjectManager.StackSize=0x400
Mcu.IP4=SYS
NVIC.SVCall_IRQn=true\:0\:0\:false\:false\:true\:false\:false
Mcu.IP2=NVIC
Mcu.IP3=RCC
Mcu.IP0=I2C1
Mcu.IP1=I2S3
Mcu.UserConstants=
ProjectManager.TargetToolchain=STM32CubeIDE
PA4.Mode=Half_Duplex_Master
Mcu.ThirdPartyNb=0
Mcu.IPNb=5
RCC.I2SClocksFreq_Value=96000000
ProjectManager.PreviousToolchain=
PD4.Signal=GPIO_Output
PB9.Mode=I2C
PB6.Signal=I2C1_SCL
RCC.VcooutputI2S=96000000
PC7.Signal=I2S3_MCK
PB9.Locked=true
I2S3.VirtualMode=I2S_MODE_MASTER
PB6.Mode=I2C
RCC.VCOInputMFreq_Value=1000000
Mcu.Pin6=PB9
Mcu.Pin7=VP_SYS_VS_Systick
ProjectManager.RegisterCallBack=
RCC.LSE_VALUE=32768
RCC.AHBFreq_Value=16000000
Mcu.Pin0=PA4
Mcu.Pin1=PC7
Mcu.Pin2=PC10
Mcu.Pin3=PC12
Mcu.Pin4=PD4
RCC.VCOI2SOutputFreq_Value=192000000
Mcu.Pin5=PB6
ProjectManager.ProjectBuild=false
RCC.HSE_VALUE=25000000
NVIC.UsageFault_IRQn=true\:0\:0\:false\:false\:true\:false\:false
PC12.Mode=Half_Duplex_Master
NVIC.DebugMonitor_IRQn=true\:0\:0\:false\:false\:true\:false\:false
board=custom
RCC.VCOOutputFreq_Value=192000000
NVIC.SysTick_IRQn=true\:0\:0\:false\:false\:true\:false\:true
ProjectManager.LastFirmware=true
ProjectManager.FirmwarePackage=STM32Cube FW_F4 V1.26.2
MxDb.Version=DB.6.0.21
I2S3.ErrorAudioFreq=-0.27 %
RCC.APB2Freq_Value=16000000
ProjectManager.BackupPrevious=false
MxCube.Version=6.2.1
RCC.VCOInputFreq_Value=1000000
File.Version=6
VP_SYS_VS_Systick.Mode=SysTick
NVIC.NonMaskableInt_IRQn=true\:0\:0\:false\:false\:true\:false\:false
NVIC.PendSV_IRQn=true\:0\:0\:false\:false\:true\:false\:false
ProjectManager.FreePins=false
RCC.IPParameters=AHBFreq_Value,APB1Freq_Value,APB2Freq_Value,CortexFreq_Value,FamilyName,HSE_VALUE,HSI_VALUE,I2SClocksFreq_Value,LSE_VALUE,LSI_VALUE,PLLCLKFreq_Value,PLLQCLKFreq_Value,RTCFreq_Value,RTCHSEDivFreq_Value,SYSCLKFreq_VALUE,VCOI2SOutputFreq_Value,VCOInputFreq_Value,VCOInputMFreq_Value,VCOOutputFreq_Value,VcooutputI2S
ProjectManager.AskForMigrate=true
Mcu.Name=STM32F411V(C-E)Tx
ProjectManager.HalAssertFull=false
RCC.RTCHSEDivFreq_Value=12500000
ProjectManager.ProjectName=I2S_demo
ProjectManager.UnderRoot=true
ProjectManager.CoupleFile=false
PA4.Signal=I2S3_WS
RCC.SYSCLKFreq_VALUE=16000000
Mcu.Package=LQFP100
PB9.Signal=I2C1_SDA
NVIC.ForceEnableDMAVector=true
KeepUserPlacement=false
NVIC.MemoryManagement_IRQn=true\:0\:0\:false\:false\:true\:false\:false
ProjectManager.CompilerOptimize=6
ProjectManager.ToolChainLocation=
RCC.LSI_VALUE=32000
VP_SYS_VS_Systick.Signal=SYS_VS_Systick
ProjectManager.HeapSize=0x200
NVIC.HardFault_IRQn=true\:0\:0\:false\:false\:true\:false\:false
ProjectManager.ComputerToolchain=false
RCC.HSI_VALUE=16000000
NVIC.PriorityGroup=NVIC_PRIORITYGROUP_4
I2S3.RealAudioFreq=7.978 KHz
NVIC.BusFault_IRQn=true\:0\:0\:false\:false\:true\:false\:false
I2S3.Instance=SPI$Index
PC7.Mode=Master_Clock_Activated
RCC.APB1Freq_Value=16000000
ProjectManager.CustomerFirmwarePackage=
ProjectManager.DeviceId=STM32F411VETx
ProjectManager.LibraryCopy=1
isbadioc=false
